
Microsoft Visual Studio Solution File, Format Version 12.00
# Visual Studio Version 16
VisualStudioVersion = 16.0.29709.97
MinimumVisualStudioVersion = 15.0.26124.0
Project("{2150E333-8FDC-42A3-9474-1A3956D46DE8}") = "src", "src", "{E5041FBC-2205-435F-8248-69D345E66C37}"
EndProject
Project("{2150E333-8FDC-42A3-9474-1A3956D46DE8}") = "tests", "tests", "{0448F85F-DEE3-4A7C-9A44-A079BD2CF187}"
EndProject
Project("{9A19103F-16F7-4668-BE54-9A1E7A4F7556}") = "EfCore.Extensions", "src\EfCore.Extensions\EfCore.Extensions.csproj", "{4F64F74B-C4D4-4870-9388-3BBBC3751419}"
EndProject
Project("{9A19103F-16F7-4668-BE54-9A1E7A4F7556}") = "EfCore.Extensions.Tests", "test\EfCore.Extensions.Tests\EfCore.Extensions.Tests.csproj", "{5EB06CB2-83EB-41BB-9A4D-E33D776830EA}"
EndProject
Project("{2150E333-8FDC-42A3-9474-1A3956D46DE8}") = "Solution Items", "Solution Items", "{67B03E86-D58F-4FF2-9280-44CAA6AF3A8E}"
	ProjectSection(SolutionItems) = preProject
		.editorconfig = .editorconfig
		.github\workflows\dotnet-test.yml = .github\workflows\dotnet-test.yml
		.github\workflows\publish-nuget.yml = .github\workflows\publish-nuget.yml
	EndProjectSection
EndProject
Project("{2150E333-8FDC-42A3-9474-1A3956D46DE8}") = "samples", "samples", "{1C91E8C3-DD6A-4191-8629-3BAE866AAA58}"
EndProject
Project("{9A19103F-16F7-4668-BE54-9A1E7A4F7556}") = "EfCore.Extensions.Models", "samples\EfCore.Extensions.Models\EfCore.Extensions.Models.csproj", "{0A0FE1AF-DB8B-4472-ABCF-EF41AFD53FFE}"
EndProject
Project("{9A19103F-16F7-4668-BE54-9A1E7A4F7556}") = "EfCore.Extensions.Data", "samples\EfCore.Extensions.Data\EfCore.Extensions.Data.csproj", "{78A2D339-F622-42C4-BF6A-BD6B36EC274F}"
EndProject
Project("{9A19103F-16F7-4668-BE54-9A1E7A4F7556}") = "EfCore.Extensions.WebApi", "samples\EfCore.Extensions.WebApi\EfCore.Extensions.WebApi.csproj", "{56FB8C66-6D97-411C-8F10-868AC4103975}"
EndProject
Project("{9A19103F-16F7-4668-BE54-9A1E7A4F7556}") = "EfCore.Extensions.WebApi.Tests", "test\EfCore.Extensions.WebApi.Tests\EfCore.Extensions.WebApi.Tests.csproj", "{83F792B9-5456-47BA-9447-CF0C036E971A}"
EndProject
Global
	GlobalSection(SolutionConfigurationPlatforms) = preSolution
		Debug|Any CPU = Debug|Any CPU
		Debug|x64 = Debug|x64
		Debug|x86 = Debug|x86
		Release|Any CPU = Release|Any CPU
		Release|x64 = Release|x64
		Release|x86 = Release|x86
	EndGlobalSection
	GlobalSection(ProjectConfigurationPlatforms) = postSolution
		{4F64F74B-C4D4-4870-9388-3BBBC3751419}.Debug|Any CPU.ActiveCfg = Debug|Any CPU
		{4F64F74B-C4D4-4870-9388-3BBBC3751419}.Debug|Any CPU.Build.0 = Debug|Any CPU
		{4F64F74B-C4D4-4870-9388-3BBBC3751419}.Debug|x64.ActiveCfg = Debug|Any CPU
		{4F64F74B-C4D4-4870-9388-3BBBC3751419}.Debug|x64.Build.0 = Debug|Any CPU
		{4F64F74B-C4D4-4870-9388-3BBBC3751419}.Debug|x86.ActiveCfg = Debug|Any CPU
		{4F64F74B-C4D4-4870-9388-3BBBC3751419}.Debug|x86.Build.0 = Debug|Any CPU
		{4F64F74B-C4D4-4870-9388-3BBBC3751419}.Release|Any CPU.ActiveCfg = Release|Any CPU
		{4F64F74B-C4D4-4870-9388-3BBBC3751419}.Release|Any CPU.Build.0 = Release|Any CPU
		{4F64F74B-C4D4-4870-9388-3BBBC3751419}.Release|x64.ActiveCfg = Release|Any CPU
		{4F64F74B-C4D4-4870-9388-3BBBC3751419}.Release|x64.Build.0 = Release|Any CPU
		{4F64F74B-C4D4-4870-9388-3BBBC3751419}.Release|x86.ActiveCfg = Release|Any CPU
		{4F64F74B-C4D4-4870-9388-3BBBC3751419}.Release|x86.Build.0 = Release|Any CPU
		{5EB06CB2-83EB-41BB-9A4D-E33D776830EA}.Debug|Any CPU.ActiveCfg = Debug|Any CPU
		{5EB06CB2-83EB-41BB-9A4D-E33D776830EA}.Debug|Any CPU.Build.0 = Debug|Any CPU
		{5EB06CB2-83EB-41BB-9A4D-E33D776830EA}.Debug|x64.ActiveCfg = Debug|Any CPU
		{5EB06CB2-83EB-41BB-9A4D-E33D776830EA}.Debug|x64.Build.0 = Debug|Any CPU
		{5EB06CB2-83EB-41BB-9A4D-E33D776830EA}.Debug|x86.ActiveCfg = Debug|Any CPU
		{5EB06CB2-83EB-41BB-9A4D-E33D776830EA}.Debug|x86.Build.0 = Debug|Any CPU
		{5EB06CB2-83EB-41BB-9A4D-E33D776830EA}.Release|Any CPU.ActiveCfg = Release|Any CPU
		{5EB06CB2-83EB-41BB-9A4D-E33D776830EA}.Release|Any CPU.Build.0 = Release|Any CPU
		{5EB06CB2-83EB-41BB-9A4D-E33D776830EA}.Release|x64.ActiveCfg = Release|Any CPU
		{5EB06CB2-83EB-41BB-9A4D-E33D776830EA}.Release|x64.Build.0 = Release|Any CPU
		{5EB06CB2-83EB-41BB-9A4D-E33D776830EA}.Release|x86.ActiveCfg = Release|Any CPU
		{5EB06CB2-83EB-41BB-9A4D-E33D776830EA}.Release|x86.Build.0 = Release|Any CPU
		{0A0FE1AF-DB8B-4472-ABCF-EF41AFD53FFE}.Debug|Any CPU.ActiveCfg = Debug|Any CPU
		{0A0FE1AF-DB8B-4472-ABCF-EF41AFD53FFE}.Debug|Any CPU.Build.0 = Debug|Any CPU
		{0A0FE1AF-DB8B-4472-ABCF-EF41AFD53FFE}.Debug|x64.ActiveCfg = Debug|Any CPU
		{0A0FE1AF-DB8B-4472-ABCF-EF41AFD53FFE}.Debug|x64.Build.0 = Debug|Any CPU
		{0A0FE1AF-DB8B-4472-ABCF-EF41AFD53FFE}.Debug|x86.ActiveCfg = Debug|Any CPU
		{0A0FE1AF-DB8B-4472-ABCF-EF41AFD53FFE}.Debug|x86.Build.0 = Debug|Any CPU
		{0A0FE1AF-DB8B-4472-ABCF-EF41AFD53FFE}.Release|Any CPU.ActiveCfg = Release|Any CPU
		{0A0FE1AF-DB8B-4472-ABCF-EF41AFD53FFE}.Release|Any CPU.Build.0 = Release|Any CPU
		{0A0FE1AF-DB8B-4472-ABCF-EF41AFD53FFE}.Release|x64.ActiveCfg = Release|Any CPU
		{0A0FE1AF-DB8B-4472-ABCF-EF41AFD53FFE}.Release|x64.Build.0 = Release|Any CPU
		{0A0FE1AF-DB8B-4472-ABCF-EF41AFD53FFE}.Release|x86.ActiveCfg = Release|Any CPU
		{0A0FE1AF-DB8B-4472-ABCF-EF41AFD53FFE}.Release|x86.Build.0 = Release|Any CPU
		{78A2D339-F622-42C4-BF6A-BD6B36EC274F}.Debug|Any CPU.ActiveCfg = Debug|Any CPU
		{78A2D339-F622-42C4-BF6A-BD6B36EC274F}.Debug|Any CPU.Build.0 = Debug|Any CPU
		{78A2D339-F622-42C4-BF6A-BD6B36EC274F}.Debug|x64.ActiveCfg = Debug|Any CPU
		{78A2D339-F622-42C4-BF6A-BD6B36EC274F}.Debug|x64.Build.0 = Debug|Any CPU
		{78A2D339-F622-42C4-BF6A-BD6B36EC274F}.Debug|x86.ActiveCfg = Debug|Any CPU
		{78A2D339-F622-42C4-BF6A-BD6B36EC274F}.Debug|x86.Build.0 = Debug|Any CPU
		{78A2D339-F622-42C4-BF6A-BD6B36EC274F}.Release|Any CPU.ActiveCfg = Release|Any CPU
		{78A2D339-F622-42C4-BF6A-BD6B36EC274F}.Release|Any CPU.Build.0 = Release|Any CPU
		{78A2D339-F622-42C4-BF6A-BD6B36EC274F}.Release|x64.ActiveCfg = Release|Any CPU
		{78A2D339-F622-42C4-BF6A-BD6B36EC274F}.Release|x64.Build.0 = Release|Any CPU
		{78A2D339-F622-42C4-BF6A-BD6B36EC274F}.Release|x86.ActiveCfg = Release|Any CPU
		{78A2D339-F622-42C4-BF6A-BD6B36EC274F}.Release|x86.Build.0 = Release|Any CPU
		{56FB8C66-6D97-411C-8F10-868AC4103975}.Debug|Any CPU.ActiveCfg = Debug|Any CPU
		{56FB8C66-6D97-411C-8F10-868AC4103975}.Debug|Any CPU.Build.0 = Debug|Any CPU
		{56FB8C66-6D97-411C-8F10-868AC4103975}.Debug|x64.ActiveCfg = Debug|Any CPU
		{56FB8C66-6D97-411C-8F10-868AC4103975}.Debug|x64.Build.0 = Debug|Any CPU
		{56FB8C66-6D97-411C-8F10-868AC4103975}.Debug|x86.ActiveCfg = Debug|Any CPU
		{56FB8C66-6D97-411C-8F10-868AC4103975}.Debug|x86.Build.0 = Debug|Any CPU
		{56FB8C66-6D97-411C-8F10-868AC4103975}.Release|Any CPU.ActiveCfg = Release|Any CPU
		{56FB8C66-6D97-411C-8F10-868AC4103975}.Release|Any CPU.Build.0 = Release|Any CPU
		{56FB8C66-6D97-411C-8F10-868AC4103975}.Release|x64.ActiveCfg = Release|Any CPU
		{56FB8C66-6D97-411C-8F10-868AC4103975}.Release|x64.Build.0 = Release|Any CPU
		{56FB8C66-6D97-411C-8F10-868AC4103975}.Release|x86.ActiveCfg = Release|Any CPU
		{56FB8C66-6D97-411C-8F10-868AC4103975}.Release|x86.Build.0 = Release|Any CPU
		{83F792B9-5456-47BA-9447-CF0C036E971A}.Debug|Any CPU.ActiveCfg = Debug|Any CPU
		{83F792B9-5456-47BA-9447-CF0C036E971A}.Debug|Any CPU.Build.0 = Debug|Any CPU
		{83F792B9-5456-47BA-9447-CF0C036E971A}.Debug|x64.ActiveCfg = Debug|Any CPU
		{83F792B9-5456-47BA-9447-CF0C036E971A}.Debug|x64.Build.0 = Debug|Any CPU
		{83F792B9-5456-47BA-9447-CF0C036E971A}.Debug|x86.ActiveCfg = Debug|Any CPU
		{83F792B9-5456-47BA-9447-CF0C036E971A}.Debug|x86.Build.0 = Debug|Any CPU
		{83F792B9-5456-47BA-9447-CF0C036E971A}.Release|Any CPU.ActiveCfg = Release|Any CPU
		{83F792B9-5456-47BA-9447-CF0C036E971A}.Release|Any CPU.Build.0 = Release|Any CPU
		{83F792B9-5456-47BA-9447-CF0C036E971A}.Release|x64.ActiveCfg = Release|Any CPU
		{83F792B9-5456-47BA-9447-CF0C036E971A}.Release|x64.Build.0 = Release|Any CPU
		{83F792B9-5456-47BA-9447-CF0C036E971A}.Release|x86.ActiveCfg = Release|Any CPU
		{83F792B9-5456-47BA-9447-CF0C036E971A}.Release|x86.Build.0 = Release|Any CPU
	EndGlobalSection
	GlobalSection(SolutionProperties) = preSolution
		HideSolutionNode = FALSE
	EndGlobalSection
	GlobalSection(NestedProjects) = preSolution
		{4F64F74B-C4D4-4870-9388-3BBBC3751419} = {E5041FBC-2205-435F-8248-69D345E66C37}
		{5EB06CB2-83EB-41BB-9A4D-E33D776830EA} = {0448F85F-DEE3-4A7C-9A44-A079BD2CF187}
		{0A0FE1AF-DB8B-4472-ABCF-EF41AFD53FFE} = {1C91E8C3-DD6A-4191-8629-3BAE866AAA58}
		{78A2D339-F622-42C4-BF6A-BD6B36EC274F} = {1C91E8C3-DD6A-4191-8629-3BAE866AAA58}
		{56FB8C66-6D97-411C-8F10-868AC4103975} = {1C91E8C3-DD6A-4191-8629-3BAE866AAA58}
		{83F792B9-5456-47BA-9447-CF0C036E971A} = {0448F85F-DEE3-4A7C-9A44-A079BD2CF187}
	EndGlobalSection
	GlobalSection(ExtensibilityGlobals) = postSolution
		SolutionGuid = {6F2EA521-DCD7-4DF4-8501-BA759B0FAB46}
	EndGlobalSection
EndGlobal
